
Microsoft Visual Studio Solution File, Format Version 12.00
# Visual Studio Version 17
VisualStudioVersion = 17.10.35027.167
MinimumVisualStudioVersion = 10.0.40219.1
Project("{FAE04EC0-301F-11D3-BF4B-00C04F79EFBC}") = "KOAE20240910", "KOAE20240910\KOAE20240910.csproj", "{230C71D9-C718-469B-8447-8B6C1934E7EE}"
EndProject
Global
	GlobalSection(SolutionConfigurationPlatforms) = preSolution
		Debug|Any CPU = Debug|Any CPU
		Release|Any CPU = Release|Any CPU
	EndGlobalSection
	GlobalSection(ProjectConfigurationPlatforms) = postSolution
		{230C71D9-C718-469B-8447-8B6C1934E7EE}.Debug|Any CPU.ActiveCfg = Debug|Any CPU
		{230C71D9-C718-469B-8447-8B6C1934E7EE}.Debug|Any CPU.Build.0 = Debug|Any CPU
		{230C71D9-C718-469B-8447-8B6C1934E7EE}.Release|Any CPU.ActiveCfg = Release|Any CPU
		{230C71D9-C718-469B-8447-8B6C1934E7EE}.Release|Any CPU.Build.0 = Release|Any CPU
	EndGlobalSection
	GlobalSection(SolutionProperties) = preSolution
		HideSolutionNode = FALSE
	EndGlobalSection
	GlobalSection(ExtensibilityGlobals) = postSolution
		SolutionGuid = {9EB8FD4E-5E29-4063-8A56-BAF6C2308121}
	EndGlobalSection
EndGlobal
